<?xml version="1.0" encoding="utf-8"?>
<Project ToolsVersion="4.0" xmlns="http://schemas.microsoft.com/developer/msbuild/2003">
  <ItemGroup>
    <ClCompile Include="main.cpp" />
    <ClCompile Include="Socket.cpp">
      <Filter>Network</Filter>
    </ClCompile>
    <ClCompile Include="TCPClient.cpp">
      <Filter>Network</Filter>
    </ClCompile>
    <ClCompile Include="TCPServer.cpp">
      <Filter>Network</Filter>
    </ClCompile>
    <ClCompile Include="Packet.cpp">
      <Filter>Network</Filter>
    </ClCompile>
    <ClCompile Include="PlayerInterface.cpp">
      <Filter>Core</Filter>
    </ClCompile>
    <ClCompile Include="QEventBus.cpp">
      <Filter>Core</Filter>
    </ClCompile>
    <ClCompile Include="ServerInterface.cpp">
      <Filter>Core</Filter>
    </ClCompile>
    <ClCompile Include="Player.cpp">
      <Filter>Core</Filter>
    </ClCompile>
    <ClCompile Include="World.cpp">
      <Filter>Core</Filter>
    </ClCompile>
    <ClCompile Include="LCEServer.cpp" />
    <ClCompile Include="Logger.cpp">
      <Filter>Core</Filter>
    </ClCompile>
    <ClCompile Include="miniz.c">
      <Filter>Util\miniz</Filter>
    </ClCompile>
    <ClCompile Include="miniz_tdef.c">
      <Filter>Util\miniz</Filter>
    </ClCompile>
    <ClCompile Include="miniz_tinfl.c">
      <Filter>Util\miniz</Filter>
    </ClCompile>
    <ClCompile Include="RLEInflateCodec.cpp">
      <Filter>Core</Filter>
    </ClCompile>
    <ClCompile Include="XVAPI_Impl.cpp">
      <Filter>Core\Plugin</Filter>
    </ClCompile>
    <ClCompile Include="PluginManager.cpp">
      <Filter>Core\Plugin</Filter>
    </ClCompile>
    <ClCompile Include="PluginSession.cpp">
      <Filter>Core\Plugin</Filter>
    </ClCompile>
    <ClCompile Include="PluginInterface.cpp">
      <Filter>Core\Plugin</Filter>
    </ClCompile>
    <ClCompile Include="TUIpp.cpp">
      <Filter>TUI</Filter>
    </ClCompile>
  </ItemGroup>
  <ItemGroup>
    <Filter Include="Network">
      <UniqueIdentifier>{716f94c9-19c5-415d-be4a-6371885b8b6c}</UniqueIdentifier>
    </Filter>
    <Filter Include="Util">
      <UniqueIdentifier>{a2930cef-6b5c-459d-b3c0-b5083cc1a0fe}</UniqueIdentifier>
    </Filter>
    <Filter Include="Core">
      <UniqueIdentifier>{4a562f1b-97dd-477a-80e9-ad060c338d27}</UniqueIdentifier>
    </Filter>
    <Filter Include="Util\miniz">
      <UniqueIdentifier>{2044340e-dfef-4a04-a604-6744ae775b22}</UniqueIdentifier>
    </Filter>
    <Filter Include="Core\Plugin">
      <UniqueIdentifier>{9a421b2f-df1b-496e-bcc7-0ce2066da04d}</UniqueIdentifier>
    </Filter>
    <Filter Include="TUI">
      <UniqueIdentifier>{b9b5e3f7-c26e-4506-9766-09c1e0826a26}</UniqueIdentifier>
    </Filter>
  </ItemGroup>
  <ItemGroup>
    <ClInclude Include="NonCopyable.hpp">
      <Filter>Util</Filter>
    </ClInclude>
    <ClInclude Include="Socket.hpp">
      <Filter>Network</Filter>
    </ClInclude>
    <ClInclude Include="typedefs.hpp">
      <Filter>Util</Filter>
    </ClInclude>
    <ClInclude Include="TCPClient.hpp">
      <Filter>Network</Filter>
    </ClInclude>
    <ClInclude Include="TCPServer.hpp">
      <Filter>Network</Filter>
    </ClInclude>
    <ClInclude Include="Packet.hpp">
      <Filter>Network</Filter>
    </ClInclude>
    <ClInclude Include="json.hpp">
      <Filter>Util</Filter>
    </ClInclude>
    <ClInclude Include="IEvent.hpp" />
    <ClInclude Include="ServerInterface.hpp">
      <Filter>Core</Filter>
    </ClInclude>
    <ClInclude Include="PlayerInterface.hpp">
      <Filter>Core</Filter>
    </ClInclude>
    <ClInclude Include="QEventBus.hpp">
      <Filter>Core</Filter>
    </ClInclude>
    <ClInclude Include="Player.hpp">
      <Filter>Core</Filter>
    </ClInclude>
    <ClInclude Include="World.hpp">
      <Filter>Core</Filter>
    </ClInclude>
    <ClInclude Include="LCEServer.hpp" />
    <ClInclude Include="Accessors.hpp">
      <Filter>Util</Filter>
    </ClInclude>
    <ClInclude Include="Logger.hpp">
      <Filter>Core</Filter>
    </ClInclude>
    <ClInclude Include="miniz_tinfl.h">
      <Filter>Util\miniz</Filter>
    </ClInclude>
    <ClInclude Include="miniz.h">
      <Filter>Util\miniz</Filter>
    </ClInclude>
    <ClInclude Include="miniz_common.h">
      <Filter>Util\miniz</Filter>
    </ClInclude>
    <ClInclude Include="miniz_tdef.h">
      <Filter>Util\miniz</Filter>
    </ClInclude>
    <ClInclude Include="RLEInflateCodec.hpp">
      <Filter>Core</Filter>
    </ClInclude>
    <ClInclude Include="XVAPI.h">
      <Filter>Core\Plugin</Filter>
    </ClInclude>
    <ClInclude Include="XVAPI_Impl.hpp">
      <Filter>Core\Plugin</Filter>
    </ClInclude>
    <ClInclude Include="Intrusive.hpp">
      <Filter>Core</Filter>
    </ClInclude>
    <ClInclude Include="PluginManager.hpp">
      <Filter>Core\Plugin</Filter>
    </ClInclude>
    <ClInclude Include="PluginInterface.hpp">
      <Filter>Core\Plugin</Filter>
    </ClInclude>
    <ClInclude Include="PluginSession.hpp">
      <Filter>Core\Plugin</Filter>
    </ClInclude>
    <ClInclude Include="TUIpp.hpp">
      <Filter>TUI</Filter>
    </ClInclude>
  </ItemGroup>
</Project>